
Microsoft Visual Studio Solution File, Format Version 11.00
# Visual Studio 2010
Project("{FAE04EC0-301F-11D3-BF4B-00C04F79EFBC}") = "FoireMuses.Core", "Core\FoireMuses.Core.csproj", "{D7BFAD87-C87A-4340-B982-E5D86CFF2DCA}"
EndProject
Project("{FAE04EC0-301F-11D3-BF4B-00C04F79EFBC}") = "FoireMuses.ConsoleTest", "FoireMuses.ConsoleTest\FoireMuses.ConsoleTest.csproj", "{72AC88AC-91A1-4035-AE92-63E5EB9812AA}"
EndProject
Project("{FAE04EC0-301F-11D3-BF4B-00C04F79EFBC}") = "FoireMuses.WebService", "FoireMuses.WebService\FoireMuses.WebService.csproj", "{AC57E329-8530-4452-BAD3-64A5159E208C}"
EndProject
Project("{FAE04EC0-301F-11D3-BF4B-00C04F79EFBC}") = "FoireMuses.Import", "FoireMuses.Import\FoireMuses.Import.csproj", "{3422F002-9AEC-4216-9111-575C9B72A188}"
EndProject
Project("{FAE04EC0-301F-11D3-BF4B-00C04F79EFBC}") = "FoireMuses.UnitTests", "FoireMuses.UnitTests\FoireMuses.UnitTests.csproj", "{D928CBAC-72B3-45E4-BF05-184D06A32CFF}"
EndProject
Project("{2150E333-8FDC-42A3-9474-1A3956D46DE8}") = "Solution Items", "Solution Items", "{B276FA11-E329-428D-ACE3-0DD02082C5CD}"
	ProjectSection(SolutionItems) = preProject
		FoireMuses1.vsmdi = FoireMuses1.vsmdi
		Local.testsettings = Local.testsettings
		TraceAndTestImpact.testsettings = TraceAndTestImpact.testsettings
	EndProjectSection
EndProject
Project("{FAE04EC0-301F-11D3-BF4B-00C04F79EFBC}") = "FoireMuses.Core.Loveseat", "FoireMuses.Core.Loveseat\FoireMuses.Core.Loveseat.csproj", "{A6361242-BFAF-4945-8598-11D69E9696CF}"
EndProject
Project("{FAE04EC0-301F-11D3-BF4B-00C04F79EFBC}") = "MusicXml", "..\MusicXml.Net\MusicXml\MusicXml.csproj", "{42ACDD70-26DA-4737-B490-282A21B170E6}"
EndProject
Global
	GlobalSection(TestCaseManagementSettings) = postSolution
		CategoryFile = FoireMuses1.vsmdi
	EndGlobalSection
	GlobalSection(SolutionConfigurationPlatforms) = preSolution
		Debug|Any CPU = Debug|Any CPU
		Debug|Mixed Platforms = Debug|Mixed Platforms
		Debug|Win32 = Debug|Win32
		Debug|x86 = Debug|x86
		Release|Any CPU = Release|Any CPU
		Release|Mixed Platforms = Release|Mixed Platforms
		Release|Win32 = Release|Win32
		Release|x86 = Release|x86
	EndGlobalSection
	GlobalSection(ProjectConfigurationPlatforms) = postSolution
		{D7BFAD87-C87A-4340-B982-E5D86CFF2DCA}.Debug|Any CPU.ActiveCfg = Debug|Any CPU
		{D7BFAD87-C87A-4340-B982-E5D86CFF2DCA}.Debug|Any CPU.Build.0 = Debug|Any CPU
		{D7BFAD87-C87A-4340-B982-E5D86CFF2DCA}.Debug|Mixed Platforms.ActiveCfg = Debug|Any CPU
		{D7BFAD87-C87A-4340-B982-E5D86CFF2DCA}.Debug|Mixed Platforms.Build.0 = Debug|Any CPU
		{D7BFAD87-C87A-4340-B982-E5D86CFF2DCA}.Debug|Win32.ActiveCfg = Debug|Any CPU
		{D7BFAD87-C87A-4340-B982-E5D86CFF2DCA}.Debug|x86.ActiveCfg = Debug|Any CPU
		{D7BFAD87-C87A-4340-B982-E5D86CFF2DCA}.Release|Any CPU.ActiveCfg = Release|Any CPU
		{D7BFAD87-C87A-4340-B982-E5D86CFF2DCA}.Release|Any CPU.Build.0 = Release|Any CPU
		{D7BFAD87-C87A-4340-B982-E5D86CFF2DCA}.Release|Mixed Platforms.ActiveCfg = Release|Any CPU
		{D7BFAD87-C87A-4340-B982-E5D86CFF2DCA}.Release|Mixed Platforms.Build.0 = Release|Any CPU
		{D7BFAD87-C87A-4340-B982-E5D86CFF2DCA}.Release|Win32.ActiveCfg = Release|Any CPU
		{D7BFAD87-C87A-4340-B982-E5D86CFF2DCA}.Release|x86.ActiveCfg = Release|Any CPU
		{72AC88AC-91A1-4035-AE92-63E5EB9812AA}.Debug|Any CPU.ActiveCfg = Debug|x86
		{72AC88AC-91A1-4035-AE92-63E5EB9812AA}.Debug|Mixed Platforms.ActiveCfg = Debug|x86
		{72AC88AC-91A1-4035-AE92-63E5EB9812AA}.Debug|Mixed Platforms.Build.0 = Debug|x86
		{72AC88AC-91A1-4035-AE92-63E5EB9812AA}.Debug|Win32.ActiveCfg = Debug|x86
		{72AC88AC-91A1-4035-AE92-63E5EB9812AA}.Debug|x86.ActiveCfg = Debug|x86
		{72AC88AC-91A1-4035-AE92-63E5EB9812AA}.Debug|x86.Build.0 = Debug|x86
		{72AC88AC-91A1-4035-AE92-63E5EB9812AA}.Release|Any CPU.ActiveCfg = Release|x86
		{72AC88AC-91A1-4035-AE92-63E5EB9812AA}.Release|Mixed Platforms.ActiveCfg = Release|x86
		{72AC88AC-91A1-4035-AE92-63E5EB9812AA}.Release|Mixed Platforms.Build.0 = Release|x86
		{72AC88AC-91A1-4035-AE92-63E5EB9812AA}.Release|Win32.ActiveCfg = Release|x86
		{72AC88AC-91A1-4035-AE92-63E5EB9812AA}.Release|x86.ActiveCfg = Release|x86
		{72AC88AC-91A1-4035-AE92-63E5EB9812AA}.Release|x86.Build.0 = Release|x86
		{AC57E329-8530-4452-BAD3-64A5159E208C}.Debug|Any CPU.ActiveCfg = Debug|Any CPU
		{AC57E329-8530-4452-BAD3-64A5159E208C}.Debug|Any CPU.Build.0 = Debug|Any CPU
		{AC57E329-8530-4452-BAD3-64A5159E208C}.Debug|Mixed Platforms.ActiveCfg = Debug|Any CPU
		{AC57E329-8530-4452-BAD3-64A5159E208C}.Debug|Mixed Platforms.Build.0 = Debug|Any CPU
		{AC57E329-8530-4452-BAD3-64A5159E208C}.Debug|Win32.ActiveCfg = Debug|Any CPU
		{AC57E329-8530-4452-BAD3-64A5159E208C}.Debug|x86.ActiveCfg = Debug|Any CPU
		{AC57E329-8530-4452-BAD3-64A5159E208C}.Release|Any CPU.ActiveCfg = Release|Any CPU
		{AC57E329-8530-4452-BAD3-64A5159E208C}.Release|Any CPU.Build.0 = Release|Any CPU
		{AC57E329-8530-4452-BAD3-64A5159E208C}.Release|Mixed Platforms.ActiveCfg = Release|Any CPU
		{AC57E329-8530-4452-BAD3-64A5159E208C}.Release|Mixed Platforms.Build.0 = Release|Any CPU
		{AC57E329-8530-4452-BAD3-64A5159E208C}.Release|Win32.ActiveCfg = Release|Any CPU
		{AC57E329-8530-4452-BAD3-64A5159E208C}.Release|x86.ActiveCfg = Release|Any CPU
		{3422F002-9AEC-4216-9111-575C9B72A188}.Debug|Any CPU.ActiveCfg = Debug|x86
		{3422F002-9AEC-4216-9111-575C9B72A188}.Debug|Mixed Platforms.ActiveCfg = Debug|x86
		{3422F002-9AEC-4216-9111-575C9B72A188}.Debug|Mixed Platforms.Build.0 = Debug|x86
		{3422F002-9AEC-4216-9111-575C9B72A188}.Debug|Win32.ActiveCfg = Debug|x86
		{3422F002-9AEC-4216-9111-575C9B72A188}.Debug|x86.ActiveCfg = Debug|x86
		{3422F002-9AEC-4216-9111-575C9B72A188}.Debug|x86.Build.0 = Debug|x86
		{3422F002-9AEC-4216-9111-575C9B72A188}.Release|Any CPU.ActiveCfg = Release|x86
		{3422F002-9AEC-4216-9111-575C9B72A188}.Release|Mixed Platforms.ActiveCfg = Release|x86
		{3422F002-9AEC-4216-9111-575C9B72A188}.Release|Mixed Platforms.Build.0 = Release|x86
		{3422F002-9AEC-4216-9111-575C9B72A188}.Release|Win32.ActiveCfg = Release|x86
		{3422F002-9AEC-4216-9111-575C9B72A188}.Release|x86.ActiveCfg = Release|x86
		{3422F002-9AEC-4216-9111-575C9B72A188}.Release|x86.Build.0 = Release|x86
		{D928CBAC-72B3-45E4-BF05-184D06A32CFF}.Debug|Any CPU.ActiveCfg = Debug|Any CPU
		{D928CBAC-72B3-45E4-BF05-184D06A32CFF}.Debug|Any CPU.Build.0 = Debug|Any CPU
		{D928CBAC-72B3-45E4-BF05-184D06A32CFF}.Debug|Mixed Platforms.ActiveCfg = Debug|Any CPU
		{D928CBAC-72B3-45E4-BF05-184D06A32CFF}.Debug|Mixed Platforms.Build.0 = Debug|Any CPU
		{D928CBAC-72B3-45E4-BF05-184D06A32CFF}.Debug|Win32.ActiveCfg = Debug|Any CPU
		{D928CBAC-72B3-45E4-BF05-184D06A32CFF}.Debug|x86.ActiveCfg = Debug|Any CPU
		{D928CBAC-72B3-45E4-BF05-184D06A32CFF}.Release|Any CPU.ActiveCfg = Release|Any CPU
		{D928CBAC-72B3-45E4-BF05-184D06A32CFF}.Release|Any CPU.Build.0 = Release|Any CPU
		{D928CBAC-72B3-45E4-BF05-184D06A32CFF}.Release|Mixed Platforms.ActiveCfg = Release|Any CPU
		{D928CBAC-72B3-45E4-BF05-184D06A32CFF}.Release|Mixed Platforms.Build.0 = Release|Any CPU
		{D928CBAC-72B3-45E4-BF05-184D06A32CFF}.Release|Win32.ActiveCfg = Release|Any CPU
		{D928CBAC-72B3-45E4-BF05-184D06A32CFF}.Release|x86.ActiveCfg = Release|Any CPU
		{A6361242-BFAF-4945-8598-11D69E9696CF}.Debug|Any CPU.ActiveCfg = Debug|x86
		{A6361242-BFAF-4945-8598-11D69E9696CF}.Debug|Mixed Platforms.ActiveCfg = Debug|x86
		{A6361242-BFAF-4945-8598-11D69E9696CF}.Debug|Mixed Platforms.Build.0 = Debug|x86
		{A6361242-BFAF-4945-8598-11D69E9696CF}.Debug|Win32.ActiveCfg = Debug|x86
		{A6361242-BFAF-4945-8598-11D69E9696CF}.Debug|x86.ActiveCfg = Debug|x86
		{A6361242-BFAF-4945-8598-11D69E9696CF}.Debug|x86.Build.0 = Debug|x86
		{A6361242-BFAF-4945-8598-11D69E9696CF}.Release|Any CPU.ActiveCfg = Release|x86
		{A6361242-BFAF-4945-8598-11D69E9696CF}.Release|Mixed Platforms.ActiveCfg = Release|x86
		{A6361242-BFAF-4945-8598-11D69E9696CF}.Release|Mixed Platforms.Build.0 = Release|x86
		{A6361242-BFAF-4945-8598-11D69E9696CF}.Release|Win32.ActiveCfg = Release|x86
		{A6361242-BFAF-4945-8598-11D69E9696CF}.Release|x86.ActiveCfg = Release|x86
		{A6361242-BFAF-4945-8598-11D69E9696CF}.Release|x86.Build.0 = Release|x86
		{42ACDD70-26DA-4737-B490-282A21B170E6}.Debug|Any CPU.ActiveCfg = Debug|Any CPU
		{42ACDD70-26DA-4737-B490-282A21B170E6}.Debug|Any CPU.Build.0 = Debug|Any CPU
		{42ACDD70-26DA-4737-B490-282A21B170E6}.Debug|Mixed Platforms.ActiveCfg = Debug|Any CPU
		{42ACDD70-26DA-4737-B490-282A21B170E6}.Debug|Mixed Platforms.Build.0 = Debug|Any CPU
		{42ACDD70-26DA-4737-B490-282A21B170E6}.Debug|Win32.ActiveCfg = Debug|Any CPU
		{42ACDD70-26DA-4737-B490-282A21B170E6}.Debug|x86.ActiveCfg = Debug|Any CPU
		{42ACDD70-26DA-4737-B490-282A21B170E6}.Release|Any CPU.ActiveCfg = Release|Any CPU
		{42ACDD70-26DA-4737-B490-282A21B170E6}.Release|Any CPU.Build.0 = Release|Any CPU
		{42ACDD70-26DA-4737-B490-282A21B170E6}.Release|Mixed Platforms.ActiveCfg = Release|Any CPU
		{42ACDD70-26DA-4737-B490-282A21B170E6}.Release|Mixed Platforms.Build.0 = Release|Any CPU
		{42ACDD70-26DA-4737-B490-282A21B170E6}.Release|Win32.ActiveCfg = Release|Any CPU
		{42ACDD70-26DA-4737-B490-282A21B170E6}.Release|x86.ActiveCfg = Release|Any CPU
	EndGlobalSection
	GlobalSection(SolutionProperties) = preSolution
		HideSolutionNode = FALSE
	EndGlobalSection
EndGlobal
